
Microsoft Visual Studio Solution File, Format Version 12.00
# Visual Studio Version 17
VisualStudioVersion = 17.5.2.0
MinimumVisualStudioVersion = 10.0.40219.1
Project("{FAE04EC0-301F-11D3-BF4B-00C04F79EFBC}") = "ClassVsStruct", "ClassVsStruct\ClassVsStruct.csproj", "{AB270FA8-CA19-0084-3D71-6787463AA40E}"
EndProject
Project("{FAE04EC0-301F-11D3-BF4B-00C04F79EFBC}") = "MiniGame", "MiniGame\MiniGame.csproj", "{D56FA8E1-0744-A2E9-8993-FFD74FD2629B}"
EndProject
Project("{FAE04EC0-301F-11D3-BF4B-00C04F79EFBC}") = "ClassAction", "ClassAction\ClassAction.csproj", "{3370C2C0-4AB4-457A-8226-AA02ACB2CC67}"
EndProject
Global
	GlobalSection(SolutionConfigurationPlatforms) = preSolution
		Debug|Any CPU = Debug|Any CPU
		Debug|x64 = Debug|x64
		Debug|x86 = Debug|x86
		Release|Any CPU = Release|Any CPU
		Release|x64 = Release|x64
		Release|x86 = Release|x86
	EndGlobalSection
	GlobalSection(ProjectConfigurationPlatforms) = postSolution
		{AB270FA8-CA19-0084-3D71-6787463AA40E}.Debug|Any CPU.ActiveCfg = Debug|Any CPU
		{AB270FA8-CA19-0084-3D71-6787463AA40E}.Debug|Any CPU.Build.0 = Debug|Any CPU
		{AB270FA8-CA19-0084-3D71-6787463AA40E}.Debug|x64.ActiveCfg = Debug|Any CPU
		{AB270FA8-CA19-0084-3D71-6787463AA40E}.Debug|x64.Build.0 = Debug|Any CPU
		{AB270FA8-CA19-0084-3D71-6787463AA40E}.Debug|x86.ActiveCfg = Debug|Any CPU
		{AB270FA8-CA19-0084-3D71-6787463AA40E}.Debug|x86.Build.0 = Debug|Any CPU
		{AB270FA8-CA19-0084-3D71-6787463AA40E}.Release|Any CPU.ActiveCfg = Release|Any CPU
		{AB270FA8-CA19-0084-3D71-6787463AA40E}.Release|Any CPU.Build.0 = Release|Any CPU
		{AB270FA8-CA19-0084-3D71-6787463AA40E}.Release|x64.ActiveCfg = Release|Any CPU
		{AB270FA8-CA19-0084-3D71-6787463AA40E}.Release|x64.Build.0 = Release|Any CPU
		{AB270FA8-CA19-0084-3D71-6787463AA40E}.Release|x86.ActiveCfg = Release|Any CPU
		{AB270FA8-CA19-0084-3D71-6787463AA40E}.Release|x86.Build.0 = Release|Any CPU
		{D56FA8E1-0744-A2E9-8993-FFD74FD2629B}.Debug|Any CPU.ActiveCfg = Debug|Any CPU
		{D56FA8E1-0744-A2E9-8993-FFD74FD2629B}.Debug|Any CPU.Build.0 = Debug|Any CPU
		{D56FA8E1-0744-A2E9-8993-FFD74FD2629B}.Debug|x64.ActiveCfg = Debug|Any CPU
		{D56FA8E1-0744-A2E9-8993-FFD74FD2629B}.Debug|x64.Build.0 = Debug|Any CPU
		{D56FA8E1-0744-A2E9-8993-FFD74FD2629B}.Debug|x86.ActiveCfg = Debug|Any CPU
		{D56FA8E1-0744-A2E9-8993-FFD74FD2629B}.Debug|x86.Build.0 = Debug|Any CPU
		{D56FA8E1-0744-A2E9-8993-FFD74FD2629B}.Release|Any CPU.ActiveCfg = Release|Any CPU
		{D56FA8E1-0744-A2E9-8993-FFD74FD2629B}.Release|Any CPU.Build.0 = Release|Any CPU
		{D56FA8E1-0744-A2E9-8993-FFD74FD2629B}.Release|x64.ActiveCfg = Release|Any CPU
		{D56FA8E1-0744-A2E9-8993-FFD74FD2629B}.Release|x64.Build.0 = Release|Any CPU
		{D56FA8E1-0744-A2E9-8993-FFD74FD2629B}.Release|x86.ActiveCfg = Release|Any CPU
		{D56FA8E1-0744-A2E9-8993-FFD74FD2629B}.Release|x86.Build.0 = Release|Any CPU
		{3370C2C0-4AB4-457A-8226-AA02ACB2CC67}.Debug|Any CPU.ActiveCfg = Debug|Any CPU
		{3370C2C0-4AB4-457A-8226-AA02ACB2CC67}.Debug|Any CPU.Build.0 = Debug|Any CPU
		{3370C2C0-4AB4-457A-8226-AA02ACB2CC67}.Debug|x64.ActiveCfg = Debug|Any CPU
		{3370C2C0-4AB4-457A-8226-AA02ACB2CC67}.Debug|x64.Build.0 = Debug|Any CPU
		{3370C2C0-4AB4-457A-8226-AA02ACB2CC67}.Debug|x86.ActiveCfg = Debug|Any CPU
		{3370C2C0-4AB4-457A-8226-AA02ACB2CC67}.Debug|x86.Build.0 = Debug|Any CPU
		{3370C2C0-4AB4-457A-8226-AA02ACB2CC67}.Release|Any CPU.ActiveCfg = Release|Any CPU
		{3370C2C0-4AB4-457A-8226-AA02ACB2CC67}.Release|Any CPU.Build.0 = Release|Any CPU
		{3370C2C0-4AB4-457A-8226-AA02ACB2CC67}.Release|x64.ActiveCfg = Release|Any CPU
		{3370C2C0-4AB4-457A-8226-AA02ACB2CC67}.Release|x64.Build.0 = Release|Any CPU
		{3370C2C0-4AB4-457A-8226-AA02ACB2CC67}.Release|x86.ActiveCfg = Release|Any CPU
		{3370C2C0-4AB4-457A-8226-AA02ACB2CC67}.Release|x86.Build.0 = Release|Any CPU
	EndGlobalSection
	GlobalSection(SolutionProperties) = preSolution
		HideSolutionNode = FALSE
	EndGlobalSection
	GlobalSection(ExtensibilityGlobals) = postSolution
		SolutionGuid = {F388C61B-272C-4FC8-BBF3-65B914F8BA97}
	EndGlobalSection
EndGlobal
